
Microsoft Visual Studio Solution File, Format Version 12.00
# Visual Studio 14
VisualStudioVersion = 14.0.25420.1
MinimumVisualStudioVersion = 10.0.40219.1
Project("{FAE04EC0-301F-11D3-BF4B-00C04F79EFBC}") = "MeetingOrganizer.Api", "MeetingOrganizer.Api\MeetingOrganizer.Api.csproj", "{99376348-E02A-4601-B2FF-2E094A7B8DBC}"
EndProject
Project("{FAE04EC0-301F-11D3-BF4B-00C04F79EFBC}") = "MeetingOrganizer.DataAccess", "MeetingOrganizer.DataAccess\MeetingOrganizer.DataAccess.csproj", "{7C760B10-724D-4675-8082-9C4F939D53BC}"
EndProject
Project("{FAE04EC0-301F-11D3-BF4B-00C04F79EFBC}") = "MeetingOrganizer.Web", "MeetingOrganizer.Web\MeetingOrganizer.Web.csproj", "{D6F73F14-F131-48AB-ACBB-0429A9974F79}"
EndProject
Global
	GlobalSection(SolutionConfigurationPlatforms) = preSolution
		Debug|Any CPU = Debug|Any CPU
		Release|Any CPU = Release|Any CPU
	EndGlobalSection
	GlobalSection(ProjectConfigurationPlatforms) = postSolution
		{99376348-E02A-4601-B2FF-2E094A7B8DBC}.Debug|Any CPU.ActiveCfg = Debug|Any CPU
		{99376348-E02A-4601-B2FF-2E094A7B8DBC}.Debug|Any CPU.Build.0 = Debug|Any CPU
		{99376348-E02A-4601-B2FF-2E094A7B8DBC}.Release|Any CPU.ActiveCfg = Release|Any CPU
		{99376348-E02A-4601-B2FF-2E094A7B8DBC}.Release|Any CPU.Build.0 = Release|Any CPU
		{7C760B10-724D-4675-8082-9C4F939D53BC}.Debug|Any CPU.ActiveCfg = Debug|Any CPU
		{7C760B10-724D-4675-8082-9C4F939D53BC}.Debug|Any CPU.Build.0 = Debug|Any CPU
		{7C760B10-724D-4675-8082-9C4F939D53BC}.Release|Any CPU.ActiveCfg = Release|Any CPU
		{7C760B10-724D-4675-8082-9C4F939D53BC}.Release|Any CPU.Build.0 = Release|Any CPU
		{D6F73F14-F131-48AB-ACBB-0429A9974F79}.Debug|Any CPU.ActiveCfg = Debug|Any CPU
		{D6F73F14-F131-48AB-ACBB-0429A9974F79}.Debug|Any CPU.Build.0 = Debug|Any CPU
		{D6F73F14-F131-48AB-ACBB-0429A9974F79}.Release|Any CPU.ActiveCfg = Release|Any CPU
		{D6F73F14-F131-48AB-ACBB-0429A9974F79}.Release|Any CPU.Build.0 = Release|Any CPU
	EndGlobalSection
	GlobalSection(SolutionProperties) = preSolution
		HideSolutionNode = FALSE
	EndGlobalSection
EndGlobal
